GEM
  remote: https://rubygems.org/
  specs:
    minitest (5.27.0)

PLATFORMS
  arm64-darwin-23
  ruby

DEPENDENCIES
  minitest (~> 5.25)

CHECKSUMS
  bundler (4.0.17) sha256=214e21431b5665dd2f99df8a5511c6b151d7a72e8015c8b38f8b775b61cbb6c1
  minitest (5.27.0) sha256=2d3b17f8a36fe7801c1adcffdbc38233b938eb0b4966e97a6739055a45fa77d5

BUNDLED WITH
  4.0.17
